
Microsoft Visual Studio Solution File, Format Version 12.00
# Visual Studio Version 17
VisualStudioVersion = 17.9.34728.123
MinimumVisualStudioVersion = 10.0.40219.1
Project("{9A19103F-16F7-4668-BE54-9A1E7A4F7556}") = "SingularHealthAssignment", "SingularHealthAssignment\SingularHealthAssignment.csproj", "{4F8F1251-4530-48FB-BC5A-A5F586BA9EC3}"
EndProject
Project("{FAE04EC0-301F-11D3-BF4B-00C04F79EFBC}") = "SingularHealthAssignmentTests", "SingularHealthAssignmentTests\SingularHealthAssignmentTests.csproj", "{A118BD27-232F-4127-BF9A-609706479815}"
EndProject
Global
	GlobalSection(SolutionConfigurationPlatforms) = preSolution
		Debug|Any CPU = Debug|Any CPU
		Release|Any CPU = Release|Any CPU
	EndGlobalSection
	GlobalSection(ProjectConfigurationPlatforms) = postSolution
		{4F8F1251-4530-48FB-BC5A-A5F586BA9EC3}.Debug|Any CPU.ActiveCfg = Debug|Any CPU
		{4F8F1251-4530-48FB-BC5A-A5F586BA9EC3}.Debug|Any CPU.Build.0 = Debug|Any CPU
		{4F8F1251-4530-48FB-BC5A-A5F586BA9EC3}.Release|Any CPU.ActiveCfg = Release|Any CPU
		{4F8F1251-4530-48FB-BC5A-A5F586BA9EC3}.Release|Any CPU.Build.0 = Release|Any CPU
		{A118BD27-232F-4127-BF9A-609706479815}.Debug|Any CPU.ActiveCfg = Debug|Any CPU
		{A118BD27-232F-4127-BF9A-609706479815}.Debug|Any CPU.Build.0 = Debug|Any CPU
		{A118BD27-232F-4127-BF9A-609706479815}.Release|Any CPU.ActiveCfg = Release|Any CPU
		{A118BD27-232F-4127-BF9A-609706479815}.Release|Any CPU.Build.0 = Release|Any CPU
	EndGlobalSection
	GlobalSection(SolutionProperties) = preSolution
		HideSolutionNode = FALSE
	EndGlobalSection
	GlobalSection(ExtensibilityGlobals) = postSolution
		SolutionGuid = {C573E74D-92B2-447C-9A2D-3C77FF1B09D0}
	EndGlobalSection
EndGlobal
